{
  "version": 4,
  "terraform_version": "0.12.18",
  "serial": 552,
  "lineage": "9697e37e-6ac2-7da9-ad66-6cb7a75e9756",
  "outputs": {},
  "resources": [
    {
      "module": "module.cms_docker",
      "mode": "data",
      "type": "docker_registry_image",
      "name": "laravel",
      "provider": "provider.docker",
      "instances": [
        {
          "schema_version": 0,
          "attributes": {
            "id": "sha256:6dedb8b722907f631a255e84a97f7912879325e095444b44d4236e20ceec5806",
            "name": "lorisleiva/laravel-docker:latest",
            "sha256_digest": "sha256:6dedb8b722907f631a255e84a97f7912879325e095444b44d4236e20ceec5806"
          }
        }
      ]
    },
    {
      "module": "module.cms_docker",
      "mode": "data",
      "type": "docker_registry_image",
      "name": "wordpress",
      "provider": "provider.docker",
      "instances": [
        {
          "schema_version": 0,
          "attributes": {
            "id": "sha256:333eec9fd0185573664f56b7e60e6e879b5ea13ad4a34f64f3005fa9bc6edcaa",
            "name": "wordpress:latest",
            "sha256_digest": "sha256:333eec9fd0185573664f56b7e60e6e879b5ea13ad4a34f64f3005fa9bc6edcaa"
          }
        }
      ]
    },
    {
      "module": "module.cms_docker",
      "mode": "managed",
      "type": "docker_container",
      "name": "db",
      "provider": "provider.docker",
      "instances": [
        {
          "schema_version": 1,
          "attributes": {
            "attach": false,
            "bridge": "",
            "capabilities": [],
            "command": null,
            "container_logs": null,
            "cpu_set": null,
            "cpu_shares": null,
            "destroy_grace_seconds": null,
            "devices": [],
            "dns": null,
            "dns_opts": null,
            "dns_search": null,
            "domainname": null,
            "entrypoint": null,
            "env": [
              "MYSQL_DATABASE=db",
              "MYSQL_PASSWORD=user-pass",
              "MYSQL_ROOT_PASSWORD=db-root-pass",
              "MYSQL_USER=user1"
            ],
            "exit_code": null,
            "gateway": "172.21.0.1",
            "group_add": null,
            "healthcheck": [],
            "host": [],
            "hostname": null,
            "id": "e7011192c64ddc140228051baef2f4985baaff983754ec3a77d2750845d4bb7b",
            "image": "mysql:5.7",
            "ip_address": "172.21.0.2",
            "ip_prefix_length": 16,
            "ipc_mode": null,
            "labels": null,
            "links": null,
            "log_driver": "json-file",
            "log_opts": null,
            "logs": false,
            "max_retry_count": null,
            "memory": null,
            "memory_swap": null,
            "mounts": [],
            "must_run": true,
            "name": "db",
            "network_alias": null,
            "network_data": [
              {
                "gateway": "172.21.0.1",
                "ip_address": "172.21.0.2",
                "ip_prefix_length": 16,
                "network_name": "wordpress-net"
              }
            ],
            "network_mode": null,
            "networks": null,
            "networks_advanced": [
              {
                "aliases": [],
                "ipv4_address": "",
                "ipv6_address": "",
                "name": "wordpress-net"
              }
            ],
            "pid_mode": null,
            "ports": [],
            "privileged": null,
            "publish_all_ports": null,
            "read_only": false,
            "restart": "always",
            "rm": false,
            "shm_size": null,
            "start": true,
            "sysctls": null,
            "tmpfs": null,
            "ulimit": [],
            "upload": [],
            "user": null,
            "userns_mode": null,
            "volumes": [
              {
                "container_path": "/var/lib/mysql",
                "from_container": "",
                "host_path": "",
                "read_only": null,
                "volume_name": "d691112b5d093aaa4b4fa4feec7f6b2232fec135a415fe748bbde23e5a5c9f2c"
              }
            ],
            "working_dir": null
          },
          "private": "eyJzY2hlbWFfdmVyc2lvbiI6IjEifQ==",
          "dependencies": [
            "module.cms_docker.docker_image.mysql",
            "module.cms_docker.docker_network.wp_net",
            "module.cms_docker.docker_volume.db_data"
          ]
        }
      ]
    },
    {
      "module": "module.cms_docker",
      "mode": "managed",
      "type": "docker_container",
      "name": "lara",
      "each": "list",
      "provider": "provider.docker",
      "instances": []
    },
    {
      "module": "module.cms_docker",
      "mode": "managed",
      "type": "docker_container",
      "name": "wp",
      "each": "list",
      "provider": "provider.docker",
      "instances": [
        {
          "index_key": 0,
          "schema_version": 1,
          "attributes": {
            "attach": false,
            "bridge": "",
            "capabilities": [],
            "command": null,
            "container_logs": null,
            "cpu_set": null,
            "cpu_shares": null,
            "destroy_grace_seconds": null,
            "devices": [],
            "dns": null,
            "dns_opts": null,
            "dns_search": null,
            "domainname": null,
            "entrypoint": null,
            "env": [
              "WORDPRESS_DB_HOST=db:3306",
              "WORDPRESS_DB_NAME=db",
              "WORDPRESS_DB_PASSWORD=user-pass",
              "WORDPRESS_DB_USER=user1"
            ],
            "exit_code": null,
            "gateway": "172.21.0.1",
            "group_add": null,
            "healthcheck": [],
            "host": [],
            "hostname": null,
            "id": "d7ca59c3de5774890313680c68dfa1d73f86615863634b7e8bdf674c0136b0f8",
            "image": "wordpress:latest",
            "ip_address": "172.21.0.3",
            "ip_prefix_length": 16,
            "ipc_mode": null,
            "labels": null,
            "links": null,
            "log_driver": "json-file",
            "log_opts": null,
            "logs": false,
            "max_retry_count": null,
            "memory": null,
            "memory_swap": null,
            "mounts": [],
            "must_run": true,
            "name": "wp_container",
            "network_alias": null,
            "network_data": [
              {
                "gateway": "172.21.0.1",
                "ip_address": "172.21.0.3",
                "ip_prefix_length": 16,
                "network_name": "wordpress-net"
              }
            ],
            "network_mode": null,
            "networks": null,
            "networks_advanced": [
              {
                "aliases": [],
                "ipv4_address": "",
                "ipv6_address": "",
                "name": "wordpress-net"
              }
            ],
            "pid_mode": null,
            "ports": [
              {
                "external": 8000,
                "internal": 80,
                "ip": "0.0.0.0",
                "protocol": "tcp"
              }
            ],
            "privileged": null,
            "publish_all_ports": null,
            "read_only": false,
            "restart": "always",
            "rm": false,
            "shm_size": null,
            "start": true,
            "sysctls": null,
            "tmpfs": null,
            "ulimit": [],
            "upload": [],
            "user": null,
            "userns_mode": null,
            "volumes": [],
            "working_dir": null
          },
          "private": "eyJzY2hlbWFfdmVyc2lvbiI6IjEifQ==",
          "dependencies": [
            "module.cms_docker.docker_container.db",
            "module.cms_docker.docker_image.mysql",
            "module.cms_docker.docker_image.wordpress",
            "module.cms_docker.docker_network.wp_net",
            "module.cms_docker.docker_volume.db_data"
          ]
        }
      ]
    },
    {
      "module": "module.cms_docker",
      "mode": "managed",
      "type": "docker_image",
      "name": "laravel",
      "provider": "provider.docker",
      "instances": [
        {
          "schema_version": 0,
          "attributes": {
            "id": "sha256:fff51b2ef72bc4d638f22479fd37e1b61287f541af85a92befe41a8be7b5cfe8lorisleiva/laravel-docker:latest",
            "keep_locally": null,
            "latest": "sha256:fff51b2ef72bc4d638f22479fd37e1b61287f541af85a92befe41a8be7b5cfe8",
            "name": "lorisleiva/laravel-docker:latest",
            "pull_trigger": null,
            "pull_triggers": [
              "sha256:6dedb8b722907f631a255e84a97f7912879325e095444b44d4236e20ceec5806"
            ]
          },
          "private": "bnVsbA=="
        }
      ]
    },
    {
      "module": "module.cms_docker",
      "mode": "managed",
      "type": "docker_image",
      "name": "mysql",
      "provider": "provider.docker",
      "instances": [
        {
          "schema_version": 0,
          "attributes": {
            "id": "sha256:b598110d0fffc42862269a25d8767dd95764d0740f318fd6c0a097f8a22de5bfmysql:5.7",
            "keep_locally": null,
            "latest": "sha256:b598110d0fffc42862269a25d8767dd95764d0740f318fd6c0a097f8a22de5bf",
            "name": "mysql:5.7",
            "pull_trigger": null,
            "pull_triggers": null
          },
          "private": "bnVsbA=="
        }
      ]
    },
    {
      "module": "module.cms_docker",
      "mode": "managed",
      "type": "docker_image",
      "name": "wordpress",
      "provider": "provider.docker",
      "instances": [
        {
          "schema_version": 0,
          "attributes": {
            "id": "sha256:f790ed010456e22018208466e3d38d05638767b61c0742056628885b8170fd90wordpress:latest",
            "keep_locally": null,
            "latest": "sha256:f790ed010456e22018208466e3d38d05638767b61c0742056628885b8170fd90",
            "name": "wordpress:latest",
            "pull_trigger": null,
            "pull_triggers": [
              "sha256:333eec9fd0185573664f56b7e60e6e879b5ea13ad4a34f64f3005fa9bc6edcaa"
            ]
          },
          "private": "bnVsbA=="
        }
      ]
    },
    {
      "module": "module.cms_docker",
      "mode": "managed",
      "type": "docker_network",
      "name": "wp_net",
      "provider": "provider.docker",
      "instances": [
        {
          "schema_version": 0,
          "attributes": {
            "attachable": false,
            "check_duplicate": null,
            "driver": "bridge",
            "id": "89d5f4316fff8c0f1c63eb098b8b567a00421169cb27cb75d3a6223ab917d287",
            "ingress": false,
            "internal": false,
            "ipam_config": [
              {
                "aux_address": {},
                "gateway": "172.21.0.1",
                "ip_range": "",
                "subnet": "172.21.0.0/16"
              }
            ],
            "ipam_driver": "default",
            "ipv6": false,
            "labels": null,
            "name": "wordpress-net",
            "options": {},
            "scope": "local"
          },
          "private": "bnVsbA=="
        }
      ]
    },
    {
      "module": "module.cms_docker",
      "mode": "managed",
      "type": "docker_volume",
      "name": "db_data",
      "provider": "provider.docker",
      "instances": [
        {
          "schema_version": 0,
          "attributes": {
            "driver": "local",
            "driver_opts": null,
            "id": "d691112b5d093aaa4b4fa4feec7f6b2232fec135a415fe748bbde23e5a5c9f2c",
            "labels": null,
            "mountpoint": "/var/lib/docker/volumes/d691112b5d093aaa4b4fa4feec7f6b2232fec135a415fe748bbde23e5a5c9f2c/_data",
            "name": "d691112b5d093aaa4b4fa4feec7f6b2232fec135a415fe748bbde23e5a5c9f2c"
          },
          "private": "bnVsbA=="
        }
      ]
    }
  ]
}
