{
  "version": 4,
  "terraform_version": "0.12.18",
  "serial": 78,
  "lineage": "7b8e995d-024e-6f3f-e764-d156ae80b51e",
  "outputs": {
    "db_instance_name": {
      "value": "db",
      "type": "string"
    }
  },
  "resources": [
    {
      "module": "module.mysql_container",
      "mode": "managed",
      "type": "docker_container",
      "name": "db",
      "provider": "provider.docker",
      "instances": [
        {
          "schema_version": 1,
          "attributes": {
            "attach": false,
            "bridge": "",
            "capabilities": [],
            "command": null,
            "container_logs": null,
            "cpu_set": null,
            "cpu_shares": null,
            "destroy_grace_seconds": null,
            "devices": [],
            "dns": null,
            "dns_opts": null,
            "dns_search": null,
            "domainname": null,
            "entrypoint": null,
            "env": [
              "MYSQL_DATABASE=db",
              "MYSQL_PASSWORD=user-pass",
              "MYSQL_ROOT_PASSWORD=db-root-pass",
              "MYSQL_USER=user1"
            ],
            "exit_code": null,
            "gateway": "192.168.16.1",
            "group_add": null,
            "healthcheck": [],
            "host": [],
            "hostname": null,
            "id": "df8ea864dc95fdaf8e07e2790e3c9c6cc552540a00302ace70ff01f90f70ee96",
            "image": "mysql:5.7",
            "ip_address": "192.168.16.2",
            "ip_prefix_length": 20,
            "ipc_mode": null,
            "labels": null,
            "links": null,
            "log_driver": "json-file",
            "log_opts": null,
            "logs": false,
            "max_retry_count": null,
            "memory": null,
            "memory_swap": null,
            "mounts": [],
            "must_run": true,
            "name": "db",
            "network_alias": null,
            "network_data": [
              {
                "gateway": "192.168.16.1",
                "ip_address": "192.168.16.2",
                "ip_prefix_length": 20,
                "network_name": "sql-example-network"
              }
            ],
            "network_mode": null,
            "networks": null,
            "networks_advanced": [
              {
                "aliases": [],
                "ipv4_address": "",
                "ipv6_address": "",
                "name": "sql-example-network"
              }
            ],
            "pid_mode": null,
            "ports": [
              {
                "external": 3306,
                "internal": 3306,
                "ip": "0.0.0.0",
                "protocol": "tcp"
              }
            ],
            "privileged": null,
            "publish_all_ports": null,
            "read_only": false,
            "restart": "always",
            "rm": false,
            "shm_size": null,
            "start": true,
            "sysctls": null,
            "tmpfs": null,
            "ulimit": [],
            "upload": [],
            "user": null,
            "userns_mode": null,
            "volumes": [
              {
                "container_path": "/var/lib/mysql",
                "from_container": "",
                "host_path": "",
                "read_only": null,
                "volume_name": "sql-example-volume"
              }
            ],
            "working_dir": null
          },
          "private": "eyJzY2hlbWFfdmVyc2lvbiI6IjEifQ==",
          "dependencies": [
            "docker_network.example_network",
            "docker_volume.example_volume",
            "module.mysql_container.docker_image.mysql"
          ]
        }
      ]
    },
    {
      "module": "module.mysql_container",
      "mode": "managed",
      "type": "docker_image",
      "name": "mysql",
      "provider": "provider.docker",
      "instances": [
        {
          "schema_version": 0,
          "attributes": {
            "id": "sha256:b598110d0fffc42862269a25d8767dd95764d0740f318fd6c0a097f8a22de5bfmysql:5.7",
            "keep_locally": null,
            "latest": "sha256:b598110d0fffc42862269a25d8767dd95764d0740f318fd6c0a097f8a22de5bf",
            "name": "mysql:5.7",
            "pull_trigger": null,
            "pull_triggers": null
          },
          "private": "bnVsbA=="
        }
      ]
    },
    {
      "mode": "managed",
      "type": "docker_network",
      "name": "example_network",
      "provider": "provider.docker",
      "instances": [
        {
          "schema_version": 0,
          "attributes": {
            "attachable": false,
            "check_duplicate": null,
            "driver": "bridge",
            "id": "e25a589ae61fdce17cbe289023a2ac4192f50928ad4b81374644af9996709cae",
            "ingress": false,
            "internal": false,
            "ipam_config": [
              {
                "aux_address": {},
                "gateway": "192.168.16.1",
                "ip_range": "",
                "subnet": "192.168.16.0/20"
              }
            ],
            "ipam_driver": "default",
            "ipv6": false,
            "labels": null,
            "name": "sql-example-network",
            "options": {},
            "scope": "local"
          },
          "private": "bnVsbA=="
        }
      ]
    },
    {
      "mode": "managed",
      "type": "docker_volume",
      "name": "example_volume",
      "provider": "provider.docker",
      "instances": [
        {
          "schema_version": 0,
          "attributes": {
            "driver": "local",
            "driver_opts": null,
            "id": "sql-example-volume",
            "labels": null,
            "mountpoint": "/var/lib/docker/volumes/sql-example-volume/_data",
            "name": "sql-example-volume"
          },
          "private": "bnVsbA=="
        }
      ]
    }
  ]
}
