{
  "version": 4,
  "terraform_version": "0.12.18",
  "serial": 8,
  "lineage": "3651694c-8104-ba26-f5b7-427996cb9a1c",
  "outputs": {},
  "resources": [
    {
      "module": "module.wp_container",
      "mode": "data",
      "type": "docker_registry_image",
      "name": "laravel",
      "provider": "provider.docker",
      "instances": [
        {
          "schema_version": 0,
          "attributes": {
            "id": "sha256:6dedb8b722907f631a255e84a97f7912879325e095444b44d4236e20ceec5806",
            "name": "lorisleiva/laravel-docker:latest",
            "sha256_digest": "sha256:6dedb8b722907f631a255e84a97f7912879325e095444b44d4236e20ceec5806"
          }
        }
      ]
    },
    {
      "module": "module.wp_container",
      "mode": "data",
      "type": "docker_registry_image",
      "name": "wordpress",
      "provider": "provider.docker",
      "instances": [
        {
          "schema_version": 0,
          "attributes": {
            "id": "sha256:333eec9fd0185573664f56b7e60e6e879b5ea13ad4a34f64f3005fa9bc6edcaa",
            "name": "wordpress:latest",
            "sha256_digest": "sha256:333eec9fd0185573664f56b7e60e6e879b5ea13ad4a34f64f3005fa9bc6edcaa"
          }
        }
      ]
    },
    {
      "module": "module.wp_container.module.mysql_container",
      "mode": "managed",
      "type": "docker_container",
      "name": "db",
      "provider": "provider.docker",
      "instances": [
        {
          "schema_version": 1,
          "attributes": {
            "attach": false,
            "bridge": "",
            "capabilities": [],
            "command": null,
            "container_logs": null,
            "cpu_set": null,
            "cpu_shares": null,
            "destroy_grace_seconds": null,
            "devices": [],
            "dns": null,
            "dns_opts": null,
            "dns_search": null,
            "domainname": null,
            "entrypoint": null,
            "env": [
              "MYSQL_DATABASE=db",
              "MYSQL_PASSWORD=user-pass",
              "MYSQL_ROOT_PASSWORD=db-root-pass",
              "MYSQL_USER=user1"
            ],
            "exit_code": null,
            "gateway": "172.26.0.1",
            "group_add": null,
            "healthcheck": [],
            "host": [],
            "hostname": null,
            "id": "154b9b3c7d5dbc95385d450522b282e38744bf18a7482b19ade12aa325c4e3a5",
            "image": "mysql:5.7",
            "ip_address": "172.26.0.2",
            "ip_prefix_length": 16,
            "ipc_mode": null,
            "labels": null,
            "links": null,
            "log_driver": "json-file",
            "log_opts": null,
            "logs": false,
            "max_retry_count": null,
            "memory": null,
            "memory_swap": null,
            "mounts": [],
            "must_run": true,
            "name": "db",
            "network_alias": null,
            "network_data": [
              {
                "gateway": "172.26.0.1",
                "ip_address": "172.26.0.2",
                "ip_prefix_length": 16,
                "network_name": "wordpress-net"
              }
            ],
            "network_mode": null,
            "networks": null,
            "networks_advanced": [
              {
                "aliases": [],
                "ipv4_address": "",
                "ipv6_address": "",
                "name": "wordpress-net"
              }
            ],
            "pid_mode": null,
            "ports": [],
            "privileged": null,
            "publish_all_ports": null,
            "read_only": false,
            "restart": "always",
            "rm": false,
            "shm_size": null,
            "start": true,
            "sysctls": null,
            "tmpfs": null,
            "ulimit": [],
            "upload": [],
            "user": null,
            "userns_mode": null,
            "volumes": [
              {
                "container_path": "/var/lib/mysql",
                "from_container": "",
                "host_path": "",
                "read_only": null,
                "volume_name": "4315f58bac51c573cfbcc7493f91c54f8591a17bd0b006513be8448007f27c68"
              }
            ],
            "working_dir": null
          },
          "private": "eyJzY2hlbWFfdmVyc2lvbiI6IjEifQ==",
          "dependencies": [
            "module.wp_container.docker_network.wp_net",
            "module.wp_container.docker_volume.db_data",
            "module.wp_container.module.mysql_container.docker_image.mysql"
          ]
        }
      ]
    },
    {
      "module": "module.wp_container",
      "mode": "managed",
      "type": "docker_container",
      "name": "lara",
      "each": "list",
      "provider": "provider.docker",
      "instances": []
    },
    {
      "module": "module.wp_container",
      "mode": "managed",
      "type": "docker_container",
      "name": "wp",
      "each": "list",
      "provider": "provider.docker",
      "instances": [
        {
          "index_key": 0,
          "schema_version": 1,
          "attributes": {
            "attach": false,
            "bridge": "",
            "capabilities": [],
            "command": null,
            "container_logs": null,
            "cpu_set": null,
            "cpu_shares": null,
            "destroy_grace_seconds": null,
            "devices": [],
            "dns": null,
            "dns_opts": null,
            "dns_search": null,
            "domainname": null,
            "entrypoint": null,
            "env": [
              "WORDPRESS_DB_HOST=db:3306",
              "WORDPRESS_DB_NAME=db",
              "WORDPRESS_DB_PASSWORD=user-pass",
              "WORDPRESS_DB_USER=user1"
            ],
            "exit_code": null,
            "gateway": "172.26.0.1",
            "group_add": null,
            "healthcheck": [],
            "host": [],
            "hostname": null,
            "id": "fbabd57259ab8171c8e0f4fde4c6892d70c16f17b79b6c5d553a6d52f69fbf26",
            "image": "wordpress:latest",
            "ip_address": "172.26.0.3",
            "ip_prefix_length": 16,
            "ipc_mode": null,
            "labels": null,
            "links": null,
            "log_driver": "json-file",
            "log_opts": null,
            "logs": false,
            "max_retry_count": null,
            "memory": null,
            "memory_swap": null,
            "mounts": [],
            "must_run": true,
            "name": "wp_container",
            "network_alias": null,
            "network_data": [
              {
                "gateway": "172.26.0.1",
                "ip_address": "172.26.0.3",
                "ip_prefix_length": 16,
                "network_name": "wordpress-net"
              }
            ],
            "network_mode": null,
            "networks": null,
            "networks_advanced": [
              {
                "aliases": [],
                "ipv4_address": "",
                "ipv6_address": "",
                "name": "wordpress-net"
              }
            ],
            "pid_mode": null,
            "ports": [
              {
                "external": 8000,
                "internal": 80,
                "ip": "0.0.0.0",
                "protocol": "tcp"
              }
            ],
            "privileged": null,
            "publish_all_ports": null,
            "read_only": false,
            "restart": "always",
            "rm": false,
            "shm_size": null,
            "start": true,
            "sysctls": null,
            "tmpfs": null,
            "ulimit": [],
            "upload": [],
            "user": null,
            "userns_mode": null,
            "volumes": [],
            "working_dir": null
          },
          "private": "eyJzY2hlbWFfdmVyc2lvbiI6IjEifQ==",
          "dependencies": [
            "module.wp_container.docker_image.wordpress",
            "module.wp_container.docker_network.wp_net",
            "module.wp_container.docker_volume.db_data",
            "module.wp_container.module.mysql_container.docker_container.db",
            "module.wp_container.module.mysql_container.docker_image.mysql"
          ]
        }
      ]
    },
    {
      "module": "module.wp_container",
      "mode": "managed",
      "type": "docker_image",
      "name": "laravel",
      "provider": "provider.docker",
      "instances": [
        {
          "schema_version": 0,
          "attributes": {
            "id": "sha256:fff51b2ef72bc4d638f22479fd37e1b61287f541af85a92befe41a8be7b5cfe8lorisleiva/laravel-docker:latest",
            "keep_locally": null,
            "latest": "sha256:fff51b2ef72bc4d638f22479fd37e1b61287f541af85a92befe41a8be7b5cfe8",
            "name": "lorisleiva/laravel-docker:latest",
            "pull_trigger": null,
            "pull_triggers": [
              "sha256:6dedb8b722907f631a255e84a97f7912879325e095444b44d4236e20ceec5806"
            ]
          },
          "private": "bnVsbA=="
        }
      ]
    },
    {
      "module": "module.wp_container.module.mysql_container",
      "mode": "managed",
      "type": "docker_image",
      "name": "mysql",
      "provider": "provider.docker",
      "instances": [
        {
          "schema_version": 0,
          "attributes": {
            "id": "sha256:b598110d0fffc42862269a25d8767dd95764d0740f318fd6c0a097f8a22de5bfmysql:5.7",
            "keep_locally": null,
            "latest": "sha256:b598110d0fffc42862269a25d8767dd95764d0740f318fd6c0a097f8a22de5bf",
            "name": "mysql:5.7",
            "pull_trigger": null,
            "pull_triggers": null
          },
          "private": "bnVsbA=="
        }
      ]
    },
    {
      "module": "module.wp_container",
      "mode": "managed",
      "type": "docker_image",
      "name": "wordpress",
      "provider": "provider.docker",
      "instances": [
        {
          "schema_version": 0,
          "attributes": {
            "id": "sha256:f790ed010456e22018208466e3d38d05638767b61c0742056628885b8170fd90wordpress:latest",
            "keep_locally": null,
            "latest": "sha256:f790ed010456e22018208466e3d38d05638767b61c0742056628885b8170fd90",
            "name": "wordpress:latest",
            "pull_trigger": null,
            "pull_triggers": [
              "sha256:333eec9fd0185573664f56b7e60e6e879b5ea13ad4a34f64f3005fa9bc6edcaa"
            ]
          },
          "private": "bnVsbA=="
        }
      ]
    },
    {
      "module": "module.wp_container",
      "mode": "managed",
      "type": "docker_network",
      "name": "wp_net",
      "provider": "provider.docker",
      "instances": [
        {
          "schema_version": 0,
          "attributes": {
            "attachable": false,
            "check_duplicate": null,
            "driver": "bridge",
            "id": "e7691c95647c83a1b0e62bb5a624fa59220efad02f3213626cfb158fa7d07862",
            "ingress": false,
            "internal": false,
            "ipam_config": [
              {
                "aux_address": {},
                "gateway": "172.26.0.1",
                "ip_range": "",
                "subnet": "172.26.0.0/16"
              }
            ],
            "ipam_driver": "default",
            "ipv6": false,
            "labels": null,
            "name": "wordpress-net",
            "options": {},
            "scope": "local"
          },
          "private": "bnVsbA=="
        }
      ]
    },
    {
      "module": "module.wp_container",
      "mode": "managed",
      "type": "docker_volume",
      "name": "db_data",
      "provider": "provider.docker",
      "instances": [
        {
          "schema_version": 0,
          "attributes": {
            "driver": "local",
            "driver_opts": null,
            "id": "4315f58bac51c573cfbcc7493f91c54f8591a17bd0b006513be8448007f27c68",
            "labels": null,
            "mountpoint": "/var/lib/docker/volumes/4315f58bac51c573cfbcc7493f91c54f8591a17bd0b006513be8448007f27c68/_data",
            "name": "4315f58bac51c573cfbcc7493f91c54f8591a17bd0b006513be8448007f27c68"
          },
          "private": "bnVsbA=="
        }
      ]
    }
  ]
}
