{
  "version": 4,
  "terraform_version": "0.12.20",
  "serial": 106,
  "lineage": "3651694c-8104-ba26-f5b7-427996cb9a1c",
  "outputs": {},
  "resources": [
    {
      "module": "module.wp_container",
      "mode": "data",
      "type": "docker_registry_image",
      "name": "wordpress",
      "provider": "provider.docker",
      "instances": [
        {
          "schema_version": 0,
          "attributes": {
            "id": "sha256:8dd489fe41d22503d212cdafdf10ba612517ce995ddfc25ef2b951e040c57d3e",
            "name": "wordpress:latest",
            "sha256_digest": "sha256:8dd489fe41d22503d212cdafdf10ba612517ce995ddfc25ef2b951e040c57d3e"
          }
        }
      ]
    },
    {
      "module": "module.wp_container",
      "mode": "managed",
      "type": "docker_container",
      "name": "lara",
      "each": "list",
      "provider": "provider.docker",
      "instances": []
    },
    {
      "module": "module.wp_container",
      "mode": "managed",
      "type": "docker_container",
      "name": "wp",
      "each": "list",
      "provider": "provider.docker",
      "instances": [
        {
          "index_key": 0,
          "schema_version": 1,
          "attributes": {
            "attach": false,
            "bridge": "",
            "capabilities": [],
            "command": null,
            "container_logs": null,
            "cpu_set": null,
            "cpu_shares": null,
            "destroy_grace_seconds": null,
            "devices": [],
            "dns": null,
            "dns_opts": null,
            "dns_search": null,
            "domainname": null,
            "entrypoint": null,
            "env": [
              "WORDPRESS_DB_HOST=db:3306",
              "WORDPRESS_DB_NAME=db",
              "WORDPRESS_DB_PASSWORD=user-pass",
              "WORDPRESS_DB_USER=user1"
            ],
            "exit_code": null,
            "gateway": "172.19.0.1",
            "group_add": null,
            "healthcheck": [],
            "host": [],
            "hostname": null,
            "id": "6b1b846d41f35aaaec863314dd614262fd51349369af8b4e767c620c1575602b",
            "image": "wordpress:latest",
            "ip_address": "172.19.0.2",
            "ip_prefix_length": 16,
            "ipc_mode": null,
            "labels": null,
            "links": null,
            "log_driver": "json-file",
            "log_opts": null,
            "logs": false,
            "max_retry_count": null,
            "memory": null,
            "memory_swap": null,
            "mounts": [],
            "must_run": true,
            "name": "wp_container",
            "network_alias": null,
            "network_data": [
              {
                "gateway": "172.19.0.1",
                "ip_address": "172.19.0.2",
                "ip_prefix_length": 16,
                "network_name": "terranet-example"
              }
            ],
            "network_mode": null,
            "networks": null,
            "networks_advanced": [
              {
                "aliases": [],
                "ipv4_address": "",
                "ipv6_address": "",
                "name": "terranet-example"
              }
            ],
            "pid_mode": null,
            "ports": [
              {
                "external": 8000,
                "internal": 80,
                "ip": "0.0.0.0",
                "protocol": "tcp"
              }
            ],
            "privileged": null,
            "publish_all_ports": null,
            "read_only": false,
            "restart": "always",
            "rm": false,
            "shm_size": null,
            "start": true,
            "sysctls": null,
            "tmpfs": null,
            "ulimit": [],
            "upload": [],
            "user": null,
            "userns_mode": null,
            "volumes": [],
            "working_dir": null
          },
          "private": "eyJzY2hlbWFfdmVyc2lvbiI6IjEifQ==",
          "dependencies": [
            "docker_network.wp_net_example",
            "module.wp_container.docker_image.wordpress"
          ]
        }
      ]
    },
    {
      "module": "module.wp_container",
      "mode": "managed",
      "type": "docker_image",
      "name": "wordpress",
      "provider": "provider.docker",
      "instances": [
        {
          "schema_version": 0,
          "attributes": {
            "id": "sha256:0947f14b932b1964ec066082cb32b9e7a19c7abef3286ae137356875dec8aa3cwordpress:latest",
            "keep_locally": null,
            "latest": "sha256:0947f14b932b1964ec066082cb32b9e7a19c7abef3286ae137356875dec8aa3c",
            "name": "wordpress:latest",
            "pull_trigger": null,
            "pull_triggers": [
              "sha256:8dd489fe41d22503d212cdafdf10ba612517ce995ddfc25ef2b951e040c57d3e"
            ]
          },
          "private": "bnVsbA=="
        }
      ]
    },
    {
      "mode": "managed",
      "type": "docker_network",
      "name": "wp_net_example",
      "provider": "provider.docker",
      "instances": [
        {
          "schema_version": 0,
          "attributes": {
            "attachable": false,
            "check_duplicate": null,
            "driver": "bridge",
            "id": "f7d6f83dd945f88f2edc26d6a4bdfd5640450e9607f972b697931b75515d3baf",
            "ingress": false,
            "internal": false,
            "ipam_config": [
              {
                "aux_address": {},
                "gateway": "172.19.0.1",
                "ip_range": "",
                "subnet": "172.19.0.0/16"
              }
            ],
            "ipam_driver": "default",
            "ipv6": false,
            "labels": null,
            "name": "terranet-example",
            "options": {},
            "scope": "local"
          },
          "private": "bnVsbA=="
        }
      ]
    }
  ]
}
